
Microsoft Visual Studio Solution File, Format Version 12.00
# Visual Studio Version 17
VisualStudioVersion = 17.11.35303.130
MinimumVisualStudioVersion = 10.0.40219.1
Project("{9A19103F-16F7-4668-BE54-9A1E7A4F7556}") = "Ecommerce.Web", "Ecommerce.Web\Ecommerce.Web.csproj", "{3F3CFD1A-C6E9-4CA3-AF25-8466727EBD97}"
EndProject
Project("{9A19103F-16F7-4668-BE54-9A1E7A4F7556}") = "Ecommerce.ProductService", "Ecommerce.ProductService\Ecommerce.ProductService.csproj", "{BEB90E9B-9633-49D4-BD6A-84F2F0CF57D6}"
EndProject
Project("{9A19103F-16F7-4668-BE54-9A1E7A4F7556}") = "Ecommerce.OrderService", "Ecommerce.OrderService\Ecommerce.OrderService.csproj", "{4FDB7AD8-B178-44A4-86CD-12C25856DF48}"
EndProject
Project("{9A19103F-16F7-4668-BE54-9A1E7A4F7556}") = "Ecommerce.Model", "Ecommerce.Model\Ecommerce.Model.csproj", "{33984D96-68AE-4967-A6A0-1840CA8990CE}"
EndProject
Project("{9A19103F-16F7-4668-BE54-9A1E7A4F7556}") = "Ecommerce.AppHost", "Ecommerce.AppHost\Ecommerce.AppHost.csproj", "{3474AFAD-E5AD-4105-B8D6-1E8035505DF3}"
EndProject
Global
	GlobalSection(SolutionConfigurationPlatforms) = preSolution
		Debug|Any CPU = Debug|Any CPU
		Release|Any CPU = Release|Any CPU
	EndGlobalSection
	GlobalSection(ProjectConfigurationPlatforms) = postSolution
		{3F3CFD1A-C6E9-4CA3-AF25-8466727EBD97}.Debug|Any CPU.ActiveCfg = Debug|Any CPU
		{3F3CFD1A-C6E9-4CA3-AF25-8466727EBD97}.Debug|Any CPU.Build.0 = Debug|Any CPU
		{3F3CFD1A-C6E9-4CA3-AF25-8466727EBD97}.Release|Any CPU.ActiveCfg = Release|Any CPU
		{3F3CFD1A-C6E9-4CA3-AF25-8466727EBD97}.Release|Any CPU.Build.0 = Release|Any CPU
		{BEB90E9B-9633-49D4-BD6A-84F2F0CF57D6}.Debug|Any CPU.ActiveCfg = Debug|Any CPU
		{BEB90E9B-9633-49D4-BD6A-84F2F0CF57D6}.Debug|Any CPU.Build.0 = Debug|Any CPU
		{BEB90E9B-9633-49D4-BD6A-84F2F0CF57D6}.Release|Any CPU.ActiveCfg = Release|Any CPU
		{BEB90E9B-9633-49D4-BD6A-84F2F0CF57D6}.Release|Any CPU.Build.0 = Release|Any CPU
		{4FDB7AD8-B178-44A4-86CD-12C25856DF48}.Debug|Any CPU.ActiveCfg = Debug|Any CPU
		{4FDB7AD8-B178-44A4-86CD-12C25856DF48}.Debug|Any CPU.Build.0 = Debug|Any CPU
		{4FDB7AD8-B178-44A4-86CD-12C25856DF48}.Release|Any CPU.ActiveCfg = Release|Any CPU
		{4FDB7AD8-B178-44A4-86CD-12C25856DF48}.Release|Any CPU.Build.0 = Release|Any CPU
		{33984D96-68AE-4967-A6A0-1840CA8990CE}.Debug|Any CPU.ActiveCfg = Debug|Any CPU
		{33984D96-68AE-4967-A6A0-1840CA8990CE}.Debug|Any CPU.Build.0 = Debug|Any CPU
		{33984D96-68AE-4967-A6A0-1840CA8990CE}.Release|Any CPU.ActiveCfg = Release|Any CPU
		{33984D96-68AE-4967-A6A0-1840CA8990CE}.Release|Any CPU.Build.0 = Release|Any CPU
		{3474AFAD-E5AD-4105-B8D6-1E8035505DF3}.Debug|Any CPU.ActiveCfg = Debug|Any CPU
		{3474AFAD-E5AD-4105-B8D6-1E8035505DF3}.Debug|Any CPU.Build.0 = Debug|Any CPU
		{3474AFAD-E5AD-4105-B8D6-1E8035505DF3}.Release|Any CPU.ActiveCfg = Release|Any CPU
		{3474AFAD-E5AD-4105-B8D6-1E8035505DF3}.Release|Any CPU.Build.0 = Release|Any CPU
	EndGlobalSection
	GlobalSection(SolutionProperties) = preSolution
		HideSolutionNode = FALSE
	EndGlobalSection
	GlobalSection(ExtensibilityGlobals) = postSolution
		SolutionGuid = {75DC647B-686F-4655-A02A-493005186DEB}
	EndGlobalSection
EndGlobal
